<?xml version="1.0" encoding="utf-8"?>
<Project ToolsVersion="4.0" xmlns="http://schemas.microsoft.com/developer/msbuild/2003">
  <ItemGroup>
    <ClInclude Include="src\Platform\IApplication.h" />
    <ClInclude Include="src\Platform\Windows\WindowsApplication.h" />
    <ClInclude Include="src\Core\Defines.h" />
    <ClInclude Include="src\Core\Types.h" />
    <ClInclude Include="src\pch.h" />
    <ClInclude Include="src\Onyx.h" />
    <ClInclude Include="src\Platform\IWindow.h" />
    <ClInclude Include="src\Platform\Windows\WindowsWindow.h" />
    <ClInclude Include="src\Core\Logger.h" />
    <ClInclude Include="src\Core\Engine.h" />
    <ClInclude Include="src\Renderer\Renderer.h" />
    <ClInclude Include="src\Renderer\IRendererBackend.h" />
    <ClInclude Include="src\Renderer\Vulkan\VulkanRendererBackend.h" />
    <ClInclude Include="src\Renderer\Vulkan\VulkanUtilities.h" />
    <ClInclude Include="src\Platform\VulkanPlatform.h" />
    <ClInclude Include="src\Renderer\Vulkan\VulkanDebugger.h" />
    <ClInclude Include="src\Renderer\Vulkan\VulkanSurface.h" />
    <ClInclude Include="src\Renderer\Vulkan\VulkanPhysicalDevice.h" />
    <ClInclude Include="src\Renderer\Vulkan\VulkanDevice.h" />
    <ClInclude Include="src\Renderer\Vulkan\VulkanQueue.h" />
    <ClInclude Include="src\Renderer\Vulkan\VulkanCommandPool.h" />
    <ClInclude Include="src\Renderer\Vulkan\VulkanSwapchain.h" />
  </ItemGroup>
  <ItemGroup>
    <ClCompile Include="src\Platform\Windows\WindowsApplication.cpp" />
    <ClCompile Include="src\pch.cpp" />
    <ClCompile Include="src\Platform\Windows\WindowsWindow.cpp" />
    <ClCompile Include="src\Core\Logger.cpp" />
    <ClCompile Include="src\Core\Engine.cpp" />
    <ClCompile Include="src\Renderer\Renderer.cpp" />
    <ClCompile Include="src\Renderer\Vulkan\VulkanRendererBackend.cpp" />
    <ClCompile Include="src\Platform\Windows\WindowsVulkanPlatform.cpp" />
    <ClCompile Include="src\Renderer\Vulkan\VulkanDebugger.cpp" />
    <ClCompile Include="src\Renderer\Vulkan\VulkanSurface.cpp" />
    <ClCompile Include="src\Renderer\Vulkan\VulkanPhysicalDevice.cpp" />
    <ClCompile Include="src\Renderer\Vulkan\VulkanDevice.cpp" />
    <ClCompile Include="src\Renderer\Vulkan\VulkanQueue.cpp" />
    <ClCompile Include="src\Renderer\Vulkan\VulkanCommandPool.cpp" />
    <ClCompile Include="src\Renderer\Vulkan\VulkanSwapchain.cpp" />
  </ItemGroup>
</Project>